
Microsoft Visual Studio Solution File, Format Version 12.00
# Visual Studio Version 17
VisualStudioVersion = 17.3.32929.385
MinimumVisualStudioVersion = 10.0.40219.1
Project("{FAE04EC0-301F-11D3-BF4B-00C04F79EFBC}") = "HeadlessNext", "HeadlessNext.csproj", "{EA05A579-D2DD-4CBD-899C-C541E80DE06A}"
EndProject
Global
	GlobalSection(SolutionConfigurationPlatforms) = preSolution
		Debug|Any CPU = Debug|Any CPU
		Release|Any CPU = Release|Any CPU
	EndGlobalSection
	GlobalSection(ProjectConfigurationPlatforms) = postSolution
		{EA05A579-D2DD-4CBD-899C-C541E80DE06A}.Debug|Any CPU.ActiveCfg = Debug|Any CPU
		{EA05A579-D2DD-4CBD-899C-C541E80DE06A}.Debug|Any CPU.Build.0 = Debug|Any CPU
		{EA05A579-D2DD-4CBD-899C-C541E80DE06A}.Release|Any CPU.ActiveCfg = Release|Any CPU
		{EA05A579-D2DD-4CBD-899C-C541E80DE06A}.Release|Any CPU.Build.0 = Release|Any CPU
	EndGlobalSection
	GlobalSection(SolutionProperties) = preSolution
		HideSolutionNode = FALSE
	EndGlobalSection
	GlobalSection(ExtensibilityGlobals) = postSolution
		SolutionGuid = {1A360674-42F1-451B-B45A-AC2FCA89D2F8}
	EndGlobalSection
EndGlobal
